
Microsoft Visual Studio Solution File, Format Version 12.00
# Visual Studio Version 16
VisualStudioVersion = 16.0.31112.23
MinimumVisualStudioVersion = 10.0.40219.1
Project("{FAE04EC0-301F-11D3-BF4B-00C04F79EFBC}") = "UserIdentity", "UserIdentity.csproj", "{AD367845-E7D7-43FF-8E7B-27E65B374F38}"
EndProject
Global
	GlobalSection(SolutionConfigurationPlatforms) = preSolution
		Debug|Any CPU = Debug|Any CPU
		Release|Any CPU = Release|Any CPU
	EndGlobalSection
	GlobalSection(ProjectConfigurationPlatforms) = postSolution
		{AD367845-E7D7-43FF-8E7B-27E65B374F38}.Debug|Any CPU.ActiveCfg = Debug|Any CPU
		{AD367845-E7D7-43FF-8E7B-27E65B374F38}.Debug|Any CPU.Build.0 = Debug|Any CPU
		{AD367845-E7D7-43FF-8E7B-27E65B374F38}.Release|Any CPU.ActiveCfg = Release|Any CPU
		{AD367845-E7D7-43FF-8E7B-27E65B374F38}.Release|Any CPU.Build.0 = Release|Any CPU
	EndGlobalSection
	GlobalSection(SolutionProperties) = preSolution
		HideSolutionNode = FALSE
	EndGlobalSection
	GlobalSection(ExtensibilityGlobals) = postSolution
		SolutionGuid = {5466B23F-1BA2-4530-B29F-C25723712AFB}
	EndGlobalSection
EndGlobal
